// !$*UTF8*$!
{
	archiveVersion = 1;
	classes = {
	};
	objectVersion = 46;
	objects = {

/* Begin PBXBuildFile section */
		DC9D4A191CF4897B0070F55E /* AppDelegate.swift in Sources */ = {isa = PBXBuildFile; fileRef = DC9D4A181CF4897B0070F55E /* AppDelegate.swift */; };
		DC9D4A1B1CF4897B0070F55E /* ViewController.swift in Sources */ = {isa = PBXBuildFile; fileRef = DC9D4A1A1CF4897B0070F55E /* ViewController.swift */; };
		DC9D4A1E1CF4897B0070F55E /* Main.storyboard in Resources */ = {isa = PBXBuildFile; fileRef = DC9D4A1C1CF4897B0070F55E /* Main.storyboard */; };
		DC9D4A201CF4897B0070F55E /* Assets.xcassets in Resources */ = {isa = PBXBuildFile; fileRef = DC9D4A1F1CF4897B0070F55E /* Assets.xcassets */; };
		DC9D4A231CF4897B0070F55E /* LaunchScreen.storyboard in Resources */ = {isa = PBXBuildFile; fileRef = DC9D4A211CF4897B0070F55E /* LaunchScreen.storyboard */; };
		DC9D4A2E1CF4897B0070F55E /* GA_ActionSheetViewControllerTests.swift in Sources */ = {isa = PBXBuildFile; fileRef = DC9D4A2D1CF4897B0070F55E /* GA_ActionSheetViewControllerTests.swift */; };
		DC9D4A391CF4897B0070F55E /* GA_ActionSheetViewControllerUITests.swift in Sources */ = {isa = PBXBuildFile; fileRef = DC9D4A381CF4897B0070F55E /* GA_ActionSheetViewControllerUITests.swift */; };
/* End PBXBuildFile section */

/* Begin PBXContainerItemProxy section */
		DC9D4A2A1CF4897B0070F55E /* PBXContainerItemProxy */ = {
			isa = PBXContainerItemProxy;
			containerPortal = DC9D4A0D1CF4897B0070F55E /* Project object */;
			proxyType = 1;
			remoteGlobalIDString = DC9D4A141CF4897B0070F55E;
			remoteInfo = GA_ActionSheetViewController;
		};
		DC9D4A351CF4897B0070F55E /* PBXContainerItemProxy */ = {
			isa = PBXContainerItemProxy;
			containerPortal = DC9D4A0D1CF4897B0070F55E /* Project object */;
			proxyType = 1;
			remoteGlobalIDString = DC9D4A141CF4897B0070F55E;
			remoteInfo = GA_ActionSheetViewController;
		};
/* End PBXContainerItemProxy section */

/* Begin PBXFileReference section */
		DC9D4A151CF4897B0070F55E /* GA_ActionSheetViewController.app */ = {isa = PBXFileReference; explicitFileType = wrapper.application; includeInIndex = 0; path = GA_ActionSheetViewController.app; sourceTree = BUILT_PRODUCTS_DIR; };
		DC9D4A181CF4897B0070F55E /* AppDelegate.swift */ = {isa = PBXFileReference; lastKnownFileType = sourcecode.swift; path = AppDelegate.swift; sourceTree = "<group>"; };
		DC9D4A1A1CF4897B0070F55E /* ViewController.swift */ = {isa = PBXFileReference; lastKnownFileType = sourcecode.swift; path = ViewController.swift; sourceTree = "<group>"; };
		DC9D4A1D1CF4897B0070F55E /* Base */ = {isa = PBXFileReference; lastKnownFileType = file.storyboard; name = Base; path = Base.lproj/Main.storyboard; sourceTree = "<group>"; };
		DC9D4A1F1CF4897B0070F55E /* Assets.xcassets */ = {isa = PBXFileReference; lastKnownFileType = folder.assetcatalog; path = Assets.xcassets; sourceTree = "<group>"; };
		DC9D4A221CF4897B0070F55E /* Base */ = {isa = PBXFileReference; lastKnownFileType = file.storyboard; name = Base; path = Base.lproj/LaunchScreen.storyboard; sourceTree = "<group>"; };
		DC9D4A241CF4897B0070F55E /* Info.plist */ = {isa = PBXFileReference; lastKnownFileType = text.plist.xml; path = Info.plist; sourceTree = "<group>"; };
		DC9D4A291CF4897B0070F55E /* GA_ActionSheetViewControllerTests.xctest */ = {isa = PBXFileReference; explicitFileType = wrapper.cfbundle; includeInIndex = 0; path = GA_ActionSheetViewControllerTests.xctest; sourceTree = BUILT_PRODUCTS_DIR; };
		DC9D4A2D1CF4897B0070F55E /* GA_ActionSheetViewControllerTests.swift */ = {isa = PBXFileReference; lastKnownFileType = sourcecode.swift; path = GA_ActionSheetViewControllerTests.swift; sourceTree = "<group>"; };
		DC9D4A2F1CF4897B0070F55E /* Info.plist */ = {isa = PBXFileReference; lastKnownFileType = text.plist.xml; path = Info.plist; sourceTree = "<group>"; };
		DC9D4A341CF4897B0070F55E /* GA_ActionSheetViewControllerUITests.xctest */ = {isa = PBXFileReference; explicitFileType = wrapper.cfbundle; includeInIndex = 0; path = GA_ActionSheetViewControllerUITests.xctest; sourceTree = BUILT_PRODUCTS_DIR; };
		DC9D4A381CF4897B0070F55E /* GA_ActionSheetViewControllerUITests.swift */ = {isa = PBXFileReference; lastKnownFileType = sourcecode.swift; path = GA_ActionSheetViewControllerUITests.swift; sourceTree = "<group>"; };
		DC9D4A3A1CF4897B0070F55E /* Info.plist */ = {isa = PBXFileReference; lastKnownFileType = text.plist.xml; path = Info.plist; sourceTree = "<group>"; };
/* End PBXFileReference section */

/* Begin PBXFrameworksBuildPhase section */
		DC9D4A121CF4897B0070F55E /* Frameworks */ = {
			isa = PBXFrameworksBuildPhase;
			buildActionMask = 2147483647;
			files = (
			);
			runOnlyForDeploymentPostprocessing = 0;
		};
		DC9D4A261CF4897B0070F55E /* Frameworks */ = {
			isa = PBXFrameworksBuildPhase;
			buildActionMask = 2147483647;
			files = (
			);
			runOnlyForDeploymentPostprocessing = 0;
		};
		DC9D4A311CF4897B0070F55E /* Frameworks */ = {
			isa = PBXFrameworksBuildPhase;
			buildActionMask = 2147483647;
			files = (
			);
			runOnlyForDeploymentPostprocessing = 0;
		};
/* End PBXFrameworksBuildPhase section */

/* Begin PBXGroup section */
		DC9D4A0C1CF4897B0070F55E = {
			isa = PBXGroup;
			children = (
				DC9D4A171CF4897B0070F55E /* GA_ActionSheetViewController */,
				DC9D4A2C1CF4897B0070F55E /* GA_ActionSheetViewControllerTests */,
				DC9D4A371CF4897B0070F55E /* GA_ActionSheetViewControllerUITests */,
				DC9D4A161CF4897B0070F55E /* Products */,
			);
			sourceTree = "<group>";
		};
		DC9D4A161CF4897B0070F55E /* Products */ = {
			isa = PBXGroup;
			children = (
				DC9D4A151CF4897B0070F55E /* GA_ActionSheetViewController.app */,
				DC9D4A291CF4897B0070F55E /* GA_ActionSheetViewControllerTests.xctest */,
				DC9D4A341CF4897B0070F55E /* GA_ActionSheetViewControllerUITests.xctest */,
			);
			name = Products;
			sourceTree = "<group>";
		};
		DC9D4A171CF4897B0070F55E /* GA_ActionSheetViewController */ = {
			isa = PBXGroup;
			children = (
				DC9D4A181CF4897B0070F55E /* AppDelegate.swift */,
				DC9D4A1A1CF4897B0070F55E /* ViewController.swift */,
				DC9D4A1C1CF4897B0070F55E /* Main.storyboard */,
				DC9D4A1F1CF4897B0070F55E /* Assets.xcassets */,
				DC9D4A211CF4897B0070F55E /* LaunchScreen.storyboard */,
				DC9D4A241CF4897B0070F55E /* Info.plist */,
			);
			path = GA_ActionSheetViewController;
			sourceTree = "<group>";
		};
		DC9D4A2C1CF4897B0070F55E /* GA_ActionSheetViewControllerTests */ = {
			isa = PBXGroup;
			children = (
				DC9D4A2D1CF4897B0070F55E /* GA_ActionSheetViewControllerTests.swift */,
				DC9D4A2F1CF4897B0070F55E /* Info.plist */,
			);
			path = GA_ActionSheetViewControllerTests;
			sourceTree = "<group>";
		};
		DC9D4A371CF4897B0070F55E /* GA_ActionSheetViewControllerUITests */ = {
			isa = PBXGroup;
			children = (
				DC9D4A381CF4897B0070F55E /* GA_ActionSheetViewControllerUITests.swift */,
				DC9D4A3A1CF4897B0070F55E /* Info.plist */,
			);
			path = GA_ActionSheetViewControllerUITests;
			sourceTree = "<group>";
		};
/* End PBXGroup section */

/* Begin PBXNativeTarget section */
		DC9D4A141CF4897B0070F55E /* GA_ActionSheetViewController */ = {
			isa = PBXNativeTarget;
			buildConfigurationList = DC9D4A3D1CF4897B0070F55E /* Build configuration list for PBXNativeTarget "GA_ActionSheetViewController" */;
			buildPhases = (
				DC9D4A111CF4897B0070F55E /* Sources */,
				DC9D4A121CF4897B0070F55E /* Frameworks */,
				DC9D4A131CF4897B0070F55E /* Resources */,
			);
			buildRules = (
			);
			dependencies = (
			);
			name = GA_ActionSheetViewController;
			productName = GA_ActionSheetViewController;
			productReference = DC9D4A151CF4897B0070F55E /* GA_ActionSheetViewController.app */;
			productType = "com.apple.product-type.application";
		};
		DC9D4A281CF4897B0070F55E /* GA_ActionSheetViewControllerTests */ = {
			isa = PBXNativeTarget;
			buildConfigurationList = DC9D4A401CF4897B0070F55E /* Build configuration list for PBXNativeTarget "GA_ActionSheetViewControllerTests" */;
			buildPhases = (
				DC9D4A251CF4897B0070F55E /* Sources */,
				DC9D4A261CF4897B0070F55E /* Frameworks */,
				DC9D4A271CF4897B0070F55E /* Resources */,
			);
			buildRules = (
			);
			dependencies = (
				DC9D4A2B1CF4897B0070F55E /* PBXTargetDependency */,
			);
			name = GA_ActionSheetViewControllerTests;
			productName = GA_ActionSheetViewControllerTests;
			productReference = DC9D4A291CF4897B0070F55E /* GA_ActionSheetViewControllerTests.xctest */;
			productType = "com.apple.product-type.bundle.unit-test";
		};
		DC9D4A331CF4897B0070F55E /* GA_ActionSheetViewControllerUITests */ = {
			isa = PBXNativeTarget;
			buildConfigurationList = DC9D4A431CF4897B0070F55E /* Build configuration list for PBXNativeTarget "GA_ActionSheetViewControllerUITests" */;
			buildPhases = (
				DC9D4A301CF4897B0070F55E /* Sources */,
				DC9D4A311CF4897B0070F55E /* Frameworks */,
				DC9D4A321CF4897B0070F55E /* Resources */,
			);
			buildRules = (
			);
			dependencies = (
				DC9D4A361CF4897B0070F55E /* PBXTargetDependency */,
			);
			name = GA_ActionSheetViewControllerUITests;
			productName = GA_ActionSheetViewControllerUITests;
			productReference = DC9D4A341CF4897B0070F55E /* GA_ActionSheetViewControllerUITests.xctest */;
			productType = "com.apple.product-type.bundle.ui-testing";
		};
/* End PBXNativeTarget section */

/* Begin PBXProject section */
		DC9D4A0D1CF4897B0070F55E /* Project object */ = {
			isa = PBXProject;
			attributes = {
				LastSwiftUpdateCheck = 0730;
				LastUpgradeCheck = 0730;
				ORGANIZATIONNAME = houjianan;
				TargetAttributes = {
					DC9D4A141CF4897B0070F55E = {
						CreatedOnToolsVersion = 7.3.1;
					};
					DC9D4A281CF4897B0070F55E = {
						CreatedOnToolsVersion = 7.3.1;
						TestTargetID = DC9D4A141CF4897B0070F55E;
					};
					DC9D4A331CF4897B0070F55E = {
						CreatedOnToolsVersion = 7.3.1;
						TestTargetID = DC9D4A141CF4897B0070F55E;
					};
				};
			};
			buildConfigurationList = DC9D4A101CF4897B0070F55E /* Build configuration list for PBXProject "GA_ActionSheetViewController" */;
			compatibilityVersion = "Xcode 3.2";
			developmentRegion = English;
			hasScannedForEncodings = 0;
			knownRegions = (
				en,
				Base,
			);
			mainGroup = DC9D4A0C1CF4897B0070F55E;
			productRefGroup = DC9D4A161CF4897B0070F55E /* Products */;
			projectDirPath = "";
			projectRoot = "";
			targets = (
				DC9D4A141CF4897B0070F55E /* GA_ActionSheetViewController */,
				DC9D4A281CF4897B0070F55E /* GA_ActionSheetViewControllerTests */,
				DC9D4A331CF4897B0070F55E /* GA_ActionSheetViewControllerUITests */,
			);
		};
/* End PBXProject section */

/* Begin PBXResourcesBuildPhase section */
		DC9D4A131CF4897B0070F55E /* Resources */ = {
			isa = PBXResourcesBuildPhase;
			buildActionMask = 2147483647;
			files = (
				DC9D4A231CF4897B0070F55E /* LaunchScreen.storyboard in Resources */,
				DC9D4A201CF4897B0070F55E /* Assets.xcassets in Resources */,
				DC9D4A1E1CF4897B0070F55E /* Main.storyboard in Resources */,
			);
			runOnlyForDeploymentPostprocessing = 0;
		};
		DC9D4A271CF4897B0070F55E /* Resources */ = {
			isa = PBXResourcesBuildPhase;
			buildActionMask = 2147483647;
			files = (
			);
			runOnlyForDeploymentPostprocessing = 0;
		};
		DC9D4A321CF4897B0070F55E /* Resources */ = {
			isa = PBXResourcesBuildPhase;
			buildActionMask = 2147483647;
			files = (
			);
			runOnlyForDeploymentPostprocessing = 0;
		};
/* End PBXResourcesBuildPhase section */

/* Begin PBXSourcesBuildPhase section */
		DC9D4A111CF4897B0070F55E /* Sources */ = {
			isa = PBXSourcesBuildPhase;
			buildActionMask = 2147483647;
			files = (
				DC9D4A1B1CF4897B0070F55E /* ViewController.swift in Sources */,
				DC9D4A191CF4897B0070F55E /* AppDelegate.swift in Sources */,
			);
			runOnlyForDeploymentPostprocessing = 0;
		};
		DC9D4A251CF4897B0070F55E /* Sources */ = {
			isa = PBXSourcesBuildPhase;
			buildActionMask = 2147483647;
			files = (
				DC9D4A2E1CF4897B0070F55E /* GA_ActionSheetViewControllerTests.swift in Sources */,
			);
			runOnlyForDeploymentPostprocessing = 0;
		};
		DC9D4A301CF4897B0070F55E /* Sources */ = {
			isa = PBXSourcesBuildPhase;
			buildActionMask = 2147483647;
			files = (
				DC9D4A391CF4897B0070F55E /* GA_ActionSheetViewControllerUITests.swift in Sources */,
			);
			runOnlyForDeploymentPostprocessing = 0;
		};
/* End PBXSourcesBuildPhase section */

/* Begin PBXTargetDependency section */
		DC9D4A2B1CF4897B0070F55E /* PBXTargetDependency */ = {
			isa = PBXTargetDependency;
			target = DC9D4A141CF4897B0070F55E /* GA_ActionSheetViewController */;
			targetProxy = DC9D4A2A1CF4897B0070F55E /* PBXContainerItemProxy */;
		};
		DC9D4A361CF4897B0070F55E /* PBXTargetDependency */ = {
			isa = PBXTargetDependency;
			target = DC9D4A141CF4897B0070F55E /* GA_ActionSheetViewController */;
			targetProxy = DC9D4A351CF4897B0070F55E /* PBXContainerItemProxy */;
		};
/* End PBXTargetDependency section */

/* Begin PBXVariantGroup section */
		DC9D4A1C1CF4897B0070F55E /* Main.storyboard */ = {
			isa = PBXVariantGroup;
			children = (
				DC9D4A1D1CF4897B0070F55E /* Base */,
			);
			name = Main.storyboard;
			sourceTree = "<group>";
		};
		DC9D4A211CF4897B0070F55E /* LaunchScreen.storyboard */ = {
			isa = PBXVariantGroup;
			children = (
				DC9D4A221CF4897B0070F55E /* Base */,
			);
			name = LaunchScreen.storyboard;
			sourceTree = "<group>";
		};
/* End PBXVariantGroup section */

/* Begin XCBuildConfiguration section */
		DC9D4A3B1CF4897B0070F55E /* Debug */ = {
			isa = XCBuildConfiguration;
			buildSettings = {
				ALWAYS_SEARCH_USER_PATHS = NO;
				CLANG_ANALYZER_NONNULL = YES;
				CLANG_CXX_LANGUAGE_STANDARD = "gnu++0x";
				CLANG_CXX_LIBRARY = "libc++";
				CLANG_ENABLE_MODULES = YES;
				CLANG_ENABLE_OBJC_ARC = YES;
				CLANG_WARN_BOOL_CONVERSION = YES;
				CLANG_WARN_CONSTANT_CONVERSION = YES;
				CLANG_WARN_DIRECT_OBJC_ISA_USAGE = YES_ERROR;
				CLANG_WARN_EMPTY_BODY = YES;
				CLANG_WARN_ENUM_CONVERSION = YES;
				CLANG_WARN_INT_CONVERSION = YES;
				CLANG_WARN_OBJC_ROOT_CLASS = YES_ERROR;
				CLANG_WARN_UNREACHABLE_CODE = YES;
				CLANG_WARN__DUPLICATE_METHOD_MATCH = YES;
				"CODE_SIGN_IDENTITY[sdk=iphoneos*]" = "iPhone Developer";
				COPY_PHASE_STRIP = NO;
				DEBUG_INFORMATION_FORMAT = dwarf;
				ENABLE_STRICT_OBJC_MSGSEND = YES;
				ENABLE_TESTABILITY = YES;
				GCC_C_LANGUAGE_STANDARD = gnu99;
				GCC_DYNAMIC_NO_PIC = NO;
				GCC_NO_COMMON_BLOCKS = YES;
				GCC_OPTIMIZATION_LEVEL = 0;
				GCC_PREPROCESSOR_DEFINITIONS = (
					"DEBUG=1",
					"$(inherited)",
				);
				GCC_WARN_64_TO_32_BIT_CONVERSION = YES;
				GCC_WARN_ABOUT_RETURN_TYPE = YES_ERROR;
				GCC_WARN_UNDECLARED_SELECTOR = YES;
				GCC_WARN_UNINITIALIZED_AUTOS = YES_AGGRESSIVE;
				GCC_WARN_UNUSED_FUNCTION = YES;
				GCC_WARN_UNUSED_VARIABLE = YES;
				IPHONEOS_DEPLOYMENT_TARGET = 9.3;
				MTL_ENABLE_DEBUG_INFO = YES;
				ONLY_ACTIVE_ARCH = YES;
				SDKROOT = iphoneos;
				SWIFT_OPTIMIZATION_LEVEL = "-Onone";
			};
			name = Debug;
		};
		DC9D4A3C1CF4897B0070F55E /* Release */ = {
			isa = XCBuildConfiguration;
			buildSettings = {
				ALWAYS_SEARCH_USER_PATHS = NO;
				CLANG_ANALYZER_NONNULL = YES;
				CLANG_CXX_LANGUAGE_STANDARD = "gnu++0x";
				CLANG_CXX_LIBRARY = "libc++";
				CLANG_ENABLE_MODULES = YES;
				CLANG_ENABLE_OBJC_ARC = YES;
				CLANG_WARN_BOOL_CONVERSION = YES;
				CLANG_WARN_CONSTANT_CONVERSION = YES;
				CLANG_WARN_DIRECT_OBJC_ISA_USAGE = YES_ERROR;
				CLANG_WARN_EMPTY_BODY = YES;
				CLANG_WARN_ENUM_CONVERSION = YES;
				CLANG_WARN_INT_CONVERSION = YES;
				CLANG_WARN_OBJC_ROOT_CLASS = YES_ERROR;
				CLANG_WARN_UNREACHABLE_CODE = YES;
				CLANG_WARN__DUPLICATE_METHOD_MATCH = YES;
				"CODE_SIGN_IDENTITY[sdk=iphoneos*]" = "iPhone Developer";
				COPY_PHASE_STRIP = NO;
				DEBUG_INFORMATION_FORMAT = "dwarf-with-dsym";
				ENABLE_NS_ASSERTIONS = NO;
				ENABLE_STRICT_OBJC_MSGSEND = YES;
				GCC_C_LANGUAGE_STANDARD = gnu99;
				GCC_NO_COMMON_BLOCKS = YES;
				GCC_WARN_64_TO_32_BIT_CONVERSION = YES;
				GCC_WARN_ABOUT_RETURN_TYPE = YES_ERROR;
				GCC_WARN_UNDECLARED_SELECTOR = YES;
				GCC_WARN_UNINITIALIZED_AUTOS = YES_AGGRESSIVE;
				GCC_WARN_UNUSED_FUNCTION = YES;
				GCC_WARN_UNUSED_VARIABLE = YES;
				IPHONEOS_DEPLOYMENT_TARGET = 9.3;
				MTL_ENABLE_DEBUG_INFO = NO;
				SDKROOT = iphoneos;
				VALIDATE_PRODUCT = YES;
			};
			name = Release;
		};
		DC9D4A3E1CF4897B0070F55E /* Debug */ = {
			isa = XCBuildConfiguration;
			buildSettings = {
				ASSETCATALOG_COMPILER_APPICON_NAME = AppIcon;
				INFOPLIST_FILE = GA_ActionSheetViewController/Info.plist;
				LD_RUNPATH_SEARCH_PATHS = "$(inherited) @executable_path/Frameworks";
				PRODUCT_BUNDLE_IDENTIFIER = "com.jianan.GA-ActionSheetViewController";
				PRODUCT_NAME = "$(TARGET_NAME)";
			};
			name = Debug;
		};
		DC9D4A3F1CF4897B0070F55E /* Release */ = {
			isa = XCBuildConfiguration;
			buildSettings = {
				ASSETCATALOG_COMPILER_APPICON_NAME = AppIcon;
				INFOPLIST_FILE = GA_ActionSheetViewController/Info.plist;
				LD_RUNPATH_SEARCH_PATHS = "$(inherited) @executable_path/Frameworks";
				PRODUCT_BUNDLE_IDENTIFIER = "com.jianan.GA-ActionSheetViewController";
				PRODUCT_NAME = "$(TARGET_NAME)";
			};
			name = Release;
		};
		DC9D4A411CF4897B0070F55E /* Debug */ = {
			isa = XCBuildConfiguration;
			buildSettings = {
				BUNDLE_LOADER = "$(TEST_HOST)";
				INFOPLIST_FILE = GA_ActionSheetViewControllerTests/Info.plist;
				LD_RUNPATH_SEARCH_PATHS = "$(inherited) @executable_path/Frameworks @loader_path/Frameworks";
				PRODUCT_BUNDLE_IDENTIFIER = "com.jianan.GA-ActionSheetViewControllerTests";
				PRODUCT_NAME = "$(TARGET_NAME)";
				TEST_HOST = "$(BUILT_PRODUCTS_DIR)/GA_ActionSheetViewController.app/GA_ActionSheetViewController";
			};
			name = Debug;
		};
		DC9D4A421CF4897B0070F55E /* Release */ = {
			isa = XCBuildConfiguration;
			buildSettings = {
				BUNDLE_LOADER = "$(TEST_HOST)";
				INFOPLIST_FILE = GA_ActionSheetViewControllerTests/Info.plist;
				LD_RUNPATH_SEARCH_PATHS = "$(inherited) @executable_path/Frameworks @loader_path/Frameworks";
				PRODUCT_BUNDLE_IDENTIFIER = "com.jianan.GA-ActionSheetViewControllerTests";
				PRODUCT_NAME = "$(TARGET_NAME)";
				TEST_HOST = "$(BUILT_PRODUCTS_DIR)/GA_ActionSheetViewController.app/GA_ActionSheetViewController";
			};
			name = Release;
		};
		DC9D4A441CF4897B0070F55E /* Debug */ = {
			isa = XCBuildConfiguration;
			buildSettings = {
				INFOPLIST_FILE = GA_ActionSheetViewControllerUITests/Info.plist;
				LD_RUNPATH_SEARCH_PATHS = "$(inherited) @executable_path/Frameworks @loader_path/Frameworks";
				PRODUCT_BUNDLE_IDENTIFIER = "com.jianan.GA-ActionSheetViewControllerUITests";
				PRODUCT_NAME = "$(TARGET_NAME)";
				TEST_TARGET_NAME = GA_ActionSheetViewController;
			};
			name = Debug;
		};
		DC9D4A451CF4897B0070F55E /* Release */ = {
			isa = XCBuildConfiguration;
			buildSettings = {
				INFOPLIST_FILE = GA_ActionSheetViewControllerUITests/Info.plist;
				LD_RUNPATH_SEARCH_PATHS = "$(inherited) @executable_path/Frameworks @loader_path/Frameworks";
				PRODUCT_BUNDLE_IDENTIFIER = "com.jianan.GA-ActionSheetViewControllerUITests";
				PRODUCT_NAME = "$(TARGET_NAME)";
				TEST_TARGET_NAME = GA_ActionSheetViewController;
			};
			name = Release;
		};
/* End XCBuildConfiguration section */

/* Begin XCConfigurationList section */
		DC9D4A101CF4897B0070F55E /* Build configuration list for PBXProject "GA_ActionSheetViewController" */ = {
			isa = XCConfigurationList;
			buildConfigurations = (
				DC9D4A3B1CF4897B0070F55E /* Debug */,
				DC9D4A3C1CF4897B0070F55E /* Release */,
			);
			defaultConfigurationIsVisible = 0;
			defaultConfigurationName = Release;
		};
		DC9D4A3D1CF4897B0070F55E /* Build configuration list for PBXNativeTarget "GA_ActionSheetViewController" */ = {
			isa = XCConfigurationList;
			buildConfigurations = (
				DC9D4A3E1CF4897B0070F55E /* Debug */,
				DC9D4A3F1CF4897B0070F55E /* Release */,
			);
			defaultConfigurationIsVisible = 0;
		};
		DC9D4A401CF4897B0070F55E /* Build configuration list for PBXNativeTarget "GA_ActionSheetViewControllerTests" */ = {
			isa = XCConfigurationList;
			buildConfigurations = (
				DC9D4A411CF4897B0070F55E /* Debug */,
				DC9D4A421CF4897B0070F55E /* Release */,
			);
			defaultConfigurationIsVisible = 0;
		};
		DC9D4A431CF4897B0070F55E /* Build configuration list for PBXNativeTarget "GA_ActionSheetViewControllerUITests" */ = {
			isa = XCConfigurationList;
			buildConfigurations = (
				DC9D4A441CF4897B0070F55E /* Debug */,
				DC9D4A451CF4897B0070F55E /* Release */,
			);
			defaultConfigurationIsVisible = 0;
		};
/* End XCConfigurationList section */
	};
	rootObject = DC9D4A0D1CF4897B0070F55E /* Project object */;
}
